
Microsoft Visual Studio Solution File, Format Version 12.00
# Visual Studio Version 16
VisualStudioVersion = 16.0.31402.337
MinimumVisualStudioVersion = 10.0.40219.1
Project("{FAE04EC0-301F-11D3-BF4B-00C04F79EFBC}") = "01_Cafe", "01_Cafe\01_Cafe.csproj", "{4B7CB523-5B53-4AAA-B9D7-2DD705C28772}"
EndProject
Project("{2150E333-8FDC-42A3-9474-1A3956D46DE8}") = "01_KCafe", "01_KCafe", "{B45EEAD4-A2E8-46DE-92CD-5F2FEB79661E}"
EndProject
Project("{FAE04EC0-301F-11D3-BF4B-00C04F79EFBC}") = "01_CafeTest", "01_CafeTest\01_CafeTest.csproj", "{9C4483FB-CCA4-4669-A73D-D2FF183F707E}"
EndProject
Project("{FAE04EC0-301F-11D3-BF4B-00C04F79EFBC}") = "01_CafeUI", "01_CafeUI\01_CafeUI.csproj", "{78570620-CC3E-47DF-B6BB-585FAC4B3815}"
EndProject
Project("{2150E333-8FDC-42A3-9474-1A3956D46DE8}") = "02_KClaims", "02_KClaims", "{FEC516A4-D11C-4CE2-A8DC-C3FE56C606BF}"
EndProject
Project("{FAE04EC0-301F-11D3-BF4B-00C04F79EFBC}") = "02_Claims", "Claim\02_Claims.csproj", "{ED25FC29-14FB-42CD-A04F-4D5D4ACEFF61}"
EndProject
Project("{FAE04EC0-301F-11D3-BF4B-00C04F79EFBC}") = "02_ClaimTest", "ClaimTest\02_ClaimTest.csproj", "{8C8F73F3-E745-42E3-9E75-062CC751E995}"
EndProject
Project("{FAE04EC0-301F-11D3-BF4B-00C04F79EFBC}") = "02_ClaimUI", "ClaimUI\02_ClaimUI.csproj", "{CF0DE42A-44CB-46AB-AD24-9EBACFA7CCF9}"
EndProject
Project("{2150E333-8FDC-42A3-9474-1A3956D46DE8}") = "03_KBadges", "03_KBadges", "{013AC9A2-A91A-4599-BDF9-4EF321A69949}"
EndProject
Project("{FAE04EC0-301F-11D3-BF4B-00C04F79EFBC}") = "03_Badge", "Badge\03_Badge.csproj", "{F7E82C0A-A09C-42A3-B253-9777B6DABCF5}"
EndProject
Project("{FAE04EC0-301F-11D3-BF4B-00C04F79EFBC}") = "03_BadgeTest", "BadgeRepoTest\03_BadgeTest.csproj", "{D279A7F3-0BEB-4AB3-AE39-C7513C7E32AB}"
EndProject
Project("{FAE04EC0-301F-11D3-BF4B-00C04F79EFBC}") = "03_BadgeUI", "03_BadgeUI\03_BadgeUI.csproj", "{49CE7421-A4A0-40E9-8F7B-11066F66BCD9}"
EndProject
Global
	GlobalSection(SolutionConfigurationPlatforms) = preSolution
		Debug|Any CPU = Debug|Any CPU
		Release|Any CPU = Release|Any CPU
	EndGlobalSection
	GlobalSection(ProjectConfigurationPlatforms) = postSolution
		{4B7CB523-5B53-4AAA-B9D7-2DD705C28772}.Debug|Any CPU.ActiveCfg = Debug|Any CPU
		{4B7CB523-5B53-4AAA-B9D7-2DD705C28772}.Debug|Any CPU.Build.0 = Debug|Any CPU
		{4B7CB523-5B53-4AAA-B9D7-2DD705C28772}.Release|Any CPU.ActiveCfg = Release|Any CPU
		{4B7CB523-5B53-4AAA-B9D7-2DD705C28772}.Release|Any CPU.Build.0 = Release|Any CPU
		{9C4483FB-CCA4-4669-A73D-D2FF183F707E}.Debug|Any CPU.ActiveCfg = Debug|Any CPU
		{9C4483FB-CCA4-4669-A73D-D2FF183F707E}.Debug|Any CPU.Build.0 = Debug|Any CPU
		{9C4483FB-CCA4-4669-A73D-D2FF183F707E}.Release|Any CPU.ActiveCfg = Release|Any CPU
		{9C4483FB-CCA4-4669-A73D-D2FF183F707E}.Release|Any CPU.Build.0 = Release|Any CPU
		{78570620-CC3E-47DF-B6BB-585FAC4B3815}.Debug|Any CPU.ActiveCfg = Debug|Any CPU
		{78570620-CC3E-47DF-B6BB-585FAC4B3815}.Debug|Any CPU.Build.0 = Debug|Any CPU
		{78570620-CC3E-47DF-B6BB-585FAC4B3815}.Release|Any CPU.ActiveCfg = Release|Any CPU
		{78570620-CC3E-47DF-B6BB-585FAC4B3815}.Release|Any CPU.Build.0 = Release|Any CPU
		{ED25FC29-14FB-42CD-A04F-4D5D4ACEFF61}.Debug|Any CPU.ActiveCfg = Debug|Any CPU
		{ED25FC29-14FB-42CD-A04F-4D5D4ACEFF61}.Debug|Any CPU.Build.0 = Debug|Any CPU
		{ED25FC29-14FB-42CD-A04F-4D5D4ACEFF61}.Release|Any CPU.ActiveCfg = Release|Any CPU
		{ED25FC29-14FB-42CD-A04F-4D5D4ACEFF61}.Release|Any CPU.Build.0 = Release|Any CPU
		{8C8F73F3-E745-42E3-9E75-062CC751E995}.Debug|Any CPU.ActiveCfg = Debug|Any CPU
		{8C8F73F3-E745-42E3-9E75-062CC751E995}.Debug|Any CPU.Build.0 = Debug|Any CPU
		{8C8F73F3-E745-42E3-9E75-062CC751E995}.Release|Any CPU.ActiveCfg = Release|Any CPU
		{8C8F73F3-E745-42E3-9E75-062CC751E995}.Release|Any CPU.Build.0 = Release|Any CPU
		{CF0DE42A-44CB-46AB-AD24-9EBACFA7CCF9}.Debug|Any CPU.ActiveCfg = Debug|Any CPU
		{CF0DE42A-44CB-46AB-AD24-9EBACFA7CCF9}.Debug|Any CPU.Build.0 = Debug|Any CPU
		{CF0DE42A-44CB-46AB-AD24-9EBACFA7CCF9}.Release|Any CPU.ActiveCfg = Release|Any CPU
		{CF0DE42A-44CB-46AB-AD24-9EBACFA7CCF9}.Release|Any CPU.Build.0 = Release|Any CPU
		{F7E82C0A-A09C-42A3-B253-9777B6DABCF5}.Debug|Any CPU.ActiveCfg = Debug|Any CPU
		{F7E82C0A-A09C-42A3-B253-9777B6DABCF5}.Debug|Any CPU.Build.0 = Debug|Any CPU
		{F7E82C0A-A09C-42A3-B253-9777B6DABCF5}.Release|Any CPU.ActiveCfg = Release|Any CPU
		{F7E82C0A-A09C-42A3-B253-9777B6DABCF5}.Release|Any CPU.Build.0 = Release|Any CPU
		{D279A7F3-0BEB-4AB3-AE39-C7513C7E32AB}.Debug|Any CPU.ActiveCfg = Debug|Any CPU
		{D279A7F3-0BEB-4AB3-AE39-C7513C7E32AB}.Debug|Any CPU.Build.0 = Debug|Any CPU
		{D279A7F3-0BEB-4AB3-AE39-C7513C7E32AB}.Release|Any CPU.ActiveCfg = Release|Any CPU
		{D279A7F3-0BEB-4AB3-AE39-C7513C7E32AB}.Release|Any CPU.Build.0 = Release|Any CPU
		{49CE7421-A4A0-40E9-8F7B-11066F66BCD9}.Debug|Any CPU.ActiveCfg = Debug|Any CPU
		{49CE7421-A4A0-40E9-8F7B-11066F66BCD9}.Debug|Any CPU.Build.0 = Debug|Any CPU
		{49CE7421-A4A0-40E9-8F7B-11066F66BCD9}.Release|Any CPU.ActiveCfg = Release|Any CPU
		{49CE7421-A4A0-40E9-8F7B-11066F66BCD9}.Release|Any CPU.Build.0 = Release|Any CPU
	EndGlobalSection
	GlobalSection(SolutionProperties) = preSolution
		HideSolutionNode = FALSE
	EndGlobalSection
	GlobalSection(NestedProjects) = preSolution
		{4B7CB523-5B53-4AAA-B9D7-2DD705C28772} = {B45EEAD4-A2E8-46DE-92CD-5F2FEB79661E}
		{9C4483FB-CCA4-4669-A73D-D2FF183F707E} = {B45EEAD4-A2E8-46DE-92CD-5F2FEB79661E}
		{78570620-CC3E-47DF-B6BB-585FAC4B3815} = {B45EEAD4-A2E8-46DE-92CD-5F2FEB79661E}
		{ED25FC29-14FB-42CD-A04F-4D5D4ACEFF61} = {FEC516A4-D11C-4CE2-A8DC-C3FE56C606BF}
		{8C8F73F3-E745-42E3-9E75-062CC751E995} = {FEC516A4-D11C-4CE2-A8DC-C3FE56C606BF}
		{CF0DE42A-44CB-46AB-AD24-9EBACFA7CCF9} = {FEC516A4-D11C-4CE2-A8DC-C3FE56C606BF}
		{F7E82C0A-A09C-42A3-B253-9777B6DABCF5} = {013AC9A2-A91A-4599-BDF9-4EF321A69949}
		{D279A7F3-0BEB-4AB3-AE39-C7513C7E32AB} = {013AC9A2-A91A-4599-BDF9-4EF321A69949}
		{49CE7421-A4A0-40E9-8F7B-11066F66BCD9} = {013AC9A2-A91A-4599-BDF9-4EF321A69949}
	EndGlobalSection
	GlobalSection(ExtensibilityGlobals) = postSolution
		SolutionGuid = {FD011771-D6EB-4EEF-A3A9-ABF720F0C741}
	EndGlobalSection
EndGlobal
